{
    "_readme": [
        "This file locks the dependencies of your project to a known state",
        "Read more about it at https://getcomposer.org/doc/01-basic-usage.md#composer-lock-the-lock-file",
        "This file is @generated automatically"
    ],
    "hash": "87fa15cf5b1ffc260a1cce1bf78655cf",
    "content-hash": "c1a09bab311dbeb0037bb2e27aa40809",
    "packages": [
        {
            "name": "kraken-io/kraken-php",
            "version": "1.6",
            "source": {
                "type": "git",
                "url": "https://github.com/kraken-io/kraken-php.git",
                "reference": "56563df1b9a7829f7039cc6e712cf89fab655e26"
            },
            "dist": {
                "type": "zip",
                "url": "https://api.github.com/repos/kraken-io/kraken-php/zipball/56563df1b9a7829f7039cc6e712cf89fab655e26",
                "reference": "56563df1b9a7829f7039cc6e712cf89fab655e26",
                "shasum": ""
            },
            "require": {
                "ext-curl": "*",
                "ext-json": "*"
            },
            "type": "library",
            "autoload": {
                "psr-0": {
                    "Kraken": "lib"
                }
            },
            "notification-url": "https://packagist.org/downloads/",
            "license": [
                "MIT"
            ],
            "authors": [
                {
                    "name": "Kraken Image Optimizer",
                    "email": "support@kraken.io"
                }
            ],
            "description": "Official Kraken.io SDK",
            "time": "2016-07-26 08:03:24"
        }
    ],
    "packages-dev": [],
    "aliases": [],
    "minimum-stability": "stable",
    "stability-flags": [],
    "prefer-stable": false,
    "prefer-lowest": false,
    "platform": {
        "ext-curl": "*",
        "ext-json": "*"
    },
    "platform-dev": []
}
